// !$*UTF8*$!
{
	archiveVersion = 1;
	classes = {
	};
	objectVersion = 50;
	objects = {

/* Begin PBXBuildFile section */
		CE66C6BA25FF904000A2FA72 /* AppDelegate.swift in Sources */ = {isa = PBXBuildFile; fileRef = CE66C6B925FF904000A2FA72 /* AppDelegate.swift */; };
		CE66C6BC25FF904000A2FA72 /* SceneDelegate.swift in Sources */ = {isa = PBXBuildFile; fileRef = CE66C6BB25FF904000A2FA72 /* SceneDelegate.swift */; };
		CE66C6BE25FF904000A2FA72 /* ViewController.swift in Sources */ = {isa = PBXBuildFile; fileRef = CE66C6BD25FF904000A2FA72 /* ViewController.swift */; };
		CE66C6C125FF904000A2FA72 /* Main.storyboard in Resources */ = {isa = PBXBuildFile; fileRef = CE66C6BF25FF904000A2FA72 /* Main.storyboard */; };
		CE66C6C425FF904000A2FA72 /* Students.xcdatamodeld in Sources */ = {isa = PBXBuildFile; fileRef = CE66C6C225FF904000A2FA72 /* Students.xcdatamodeld */; };
		CE66C6C625FF904300A2FA72 /* Assets.xcassets in Resources */ = {isa = PBXBuildFile; fileRef = CE66C6C525FF904300A2FA72 /* Assets.xcassets */; };
		CE66C6C925FF904300A2FA72 /* LaunchScreen.storyboard in Resources */ = {isa = PBXBuildFile; fileRef = CE66C6C725FF904300A2FA72 /* LaunchScreen.storyboard */; };
		CE66C6D425FF904400A2FA72 /* StudentsTests.swift in Sources */ = {isa = PBXBuildFile; fileRef = CE66C6D325FF904400A2FA72 /* StudentsTests.swift */; };
		CE66C6DF25FF904400A2FA72 /* StudentsUITests.swift in Sources */ = {isa = PBXBuildFile; fileRef = CE66C6DE25FF904400A2FA72 /* StudentsUITests.swift */; };
/* End PBXBuildFile section */

/* Begin PBXContainerItemProxy section */
		CE66C6D025FF904400A2FA72 /* PBXContainerItemProxy */ = {
			isa = PBXContainerItemProxy;
			containerPortal = CE66C6AE25FF904000A2FA72 /* Project object */;
			proxyType = 1;
			remoteGlobalIDString = CE66C6B525FF904000A2FA72;
			remoteInfo = Students;
		};
		CE66C6DB25FF904400A2FA72 /* PBXContainerItemProxy */ = {
			isa = PBXContainerItemProxy;
			containerPortal = CE66C6AE25FF904000A2FA72 /* Project object */;
			proxyType = 1;
			remoteGlobalIDString = CE66C6B525FF904000A2FA72;
			remoteInfo = Students;
		};
/* End PBXContainerItemProxy section */

/* Begin PBXFileReference section */
		CE66C6B625FF904000A2FA72 /* Students.app */ = {isa = PBXFileReference; explicitFileType = wrapper.application; includeInIndex = 0; path = Students.app; sourceTree = BUILT_PRODUCTS_DIR; };
		CE66C6B925FF904000A2FA72 /* AppDelegate.swift */ = {isa = PBXFileReference; lastKnownFileType = sourcecode.swift; path = AppDelegate.swift; sourceTree = "<group>"; };
		CE66C6BB25FF904000A2FA72 /* SceneDelegate.swift */ = {isa = PBXFileReference; lastKnownFileType = sourcecode.swift; path = SceneDelegate.swift; sourceTree = "<group>"; };
		CE66C6BD25FF904000A2FA72 /* ViewController.swift */ = {isa = PBXFileReference; lastKnownFileType = sourcecode.swift; path = ViewController.swift; sourceTree = "<group>"; };
		CE66C6C025FF904000A2FA72 /* Base */ = {isa = PBXFileReference; lastKnownFileType = file.storyboard; name = Base; path = Base.lproj/Main.storyboard; sourceTree = "<group>"; };
		CE66C6C325FF904000A2FA72 /* Students.xcdatamodel */ = {isa = PBXFileReference; lastKnownFileType = wrapper.xcdatamodel; path = Students.xcdatamodel; sourceTree = "<group>"; };
		CE66C6C525FF904300A2FA72 /* Assets.xcassets */ = {isa = PBXFileReference; lastKnownFileType = folder.assetcatalog; path = Assets.xcassets; sourceTree = "<group>"; };
		CE66C6C825FF904300A2FA72 /* Base */ = {isa = PBXFileReference; lastKnownFileType = file.storyboard; name = Base; path = Base.lproj/LaunchScreen.storyboard; sourceTree = "<group>"; };
		CE66C6CA25FF904300A2FA72 /* Info.plist */ = {isa = PBXFileReference; lastKnownFileType = text.plist.xml; path = Info.plist; sourceTree = "<group>"; };
		CE66C6CF25FF904400A2FA72 /* StudentsTests.xctest */ = {isa = PBXFileReference; explicitFileType = wrapper.cfbundle; includeInIndex = 0; path = StudentsTests.xctest; sourceTree = BUILT_PRODUCTS_DIR; };
		CE66C6D325FF904400A2FA72 /* StudentsTests.swift */ = {isa = PBXFileReference; lastKnownFileType = sourcecode.swift; path = StudentsTests.swift; sourceTree = "<group>"; };
		CE66C6D525FF904400A2FA72 /* Info.plist */ = {isa = PBXFileReference; lastKnownFileType = text.plist.xml; path = Info.plist; sourceTree = "<group>"; };
		CE66C6DA25FF904400A2FA72 /* StudentsUITests.xctest */ = {isa = PBXFileReference; explicitFileType = wrapper.cfbundle; includeInIndex = 0; path = StudentsUITests.xctest; sourceTree = BUILT_PRODUCTS_DIR; };
		CE66C6DE25FF904400A2FA72 /* StudentsUITests.swift */ = {isa = PBXFileReference; lastKnownFileType = sourcecode.swift; path = StudentsUITests.swift; sourceTree = "<group>"; };
		CE66C6E025FF904400A2FA72 /* Info.plist */ = {isa = PBXFileReference; lastKnownFileType = text.plist.xml; path = Info.plist; sourceTree = "<group>"; };
/* End PBXFileReference section */

/* Begin PBXFrameworksBuildPhase section */
		CE66C6B325FF904000A2FA72 /* Frameworks */ = {
			isa = PBXFrameworksBuildPhase;
			buildActionMask = 2147483647;
			files = (
			);
			runOnlyForDeploymentPostprocessing = 0;
		};
		CE66C6CC25FF904400A2FA72 /* Frameworks */ = {
			isa = PBXFrameworksBuildPhase;
			buildActionMask = 2147483647;
			files = (
			);
			runOnlyForDeploymentPostprocessing = 0;
		};
		CE66C6D725FF904400A2FA72 /* Frameworks */ = {
			isa = PBXFrameworksBuildPhase;
			buildActionMask = 2147483647;
			files = (
			);
			runOnlyForDeploymentPostprocessing = 0;
		};
/* End PBXFrameworksBuildPhase section */

/* Begin PBXGroup section */
		CE66C6AD25FF904000A2FA72 = {
			isa = PBXGroup;
			children = (
				CE66C6B825FF904000A2FA72 /* Students */,
				CE66C6D225FF904400A2FA72 /* StudentsTests */,
				CE66C6DD25FF904400A2FA72 /* StudentsUITests */,
				CE66C6B725FF904000A2FA72 /* Products */,
			);
			sourceTree = "<group>";
		};
		CE66C6B725FF904000A2FA72 /* Products */ = {
			isa = PBXGroup;
			children = (
				CE66C6B625FF904000A2FA72 /* Students.app */,
				CE66C6CF25FF904400A2FA72 /* StudentsTests.xctest */,
				CE66C6DA25FF904400A2FA72 /* StudentsUITests.xctest */,
			);
			name = Products;
			sourceTree = "<group>";
		};
		CE66C6B825FF904000A2FA72 /* Students */ = {
			isa = PBXGroup;
			children = (
				CE66C6B925FF904000A2FA72 /* AppDelegate.swift */,
				CE66C6BB25FF904000A2FA72 /* SceneDelegate.swift */,
				CE66C6BD25FF904000A2FA72 /* ViewController.swift */,
				CE66C6BF25FF904000A2FA72 /* Main.storyboard */,
				CE66C6C525FF904300A2FA72 /* Assets.xcassets */,
				CE66C6C725FF904300A2FA72 /* LaunchScreen.storyboard */,
				CE66C6CA25FF904300A2FA72 /* Info.plist */,
				CE66C6C225FF904000A2FA72 /* Students.xcdatamodeld */,
			);
			path = Students;
			sourceTree = "<group>";
		};
		CE66C6D225FF904400A2FA72 /* StudentsTests */ = {
			isa = PBXGroup;
			children = (
				CE66C6D325FF904400A2FA72 /* StudentsTests.swift */,
				CE66C6D525FF904400A2FA72 /* Info.plist */,
			);
			path = StudentsTests;
			sourceTree = "<group>";
		};
		CE66C6DD25FF904400A2FA72 /* StudentsUITests */ = {
			isa = PBXGroup;
			children = (
				CE66C6DE25FF904400A2FA72 /* StudentsUITests.swift */,
				CE66C6E025FF904400A2FA72 /* Info.plist */,
			);
			path = StudentsUITests;
			sourceTree = "<group>";
		};
/* End PBXGroup section */

/* Begin PBXNativeTarget section */
		CE66C6B525FF904000A2FA72 /* Students */ = {
			isa = PBXNativeTarget;
			buildConfigurationList = CE66C6E325FF904400A2FA72 /* Build configuration list for PBXNativeTarget "Students" */;
			buildPhases = (
				CE66C6B225FF904000A2FA72 /* Sources */,
				CE66C6B325FF904000A2FA72 /* Frameworks */,
				CE66C6B425FF904000A2FA72 /* Resources */,
			);
			buildRules = (
			);
			dependencies = (
			);
			name = Students;
			productName = Students;
			productReference = CE66C6B625FF904000A2FA72 /* Students.app */;
			productType = "com.apple.product-type.application";
		};
		CE66C6CE25FF904400A2FA72 /* StudentsTests */ = {
			isa = PBXNativeTarget;
			buildConfigurationList = CE66C6E625FF904400A2FA72 /* Build configuration list for PBXNativeTarget "StudentsTests" */;
			buildPhases = (
				CE66C6CB25FF904400A2FA72 /* Sources */,
				CE66C6CC25FF904400A2FA72 /* Frameworks */,
				CE66C6CD25FF904400A2FA72 /* Resources */,
			);
			buildRules = (
			);
			dependencies = (
				CE66C6D125FF904400A2FA72 /* PBXTargetDependency */,
			);
			name = StudentsTests;
			productName = StudentsTests;
			productReference = CE66C6CF25FF904400A2FA72 /* StudentsTests.xctest */;
			productType = "com.apple.product-type.bundle.unit-test";
		};
		CE66C6D925FF904400A2FA72 /* StudentsUITests */ = {
			isa = PBXNativeTarget;
			buildConfigurationList = CE66C6E925FF904400A2FA72 /* Build configuration list for PBXNativeTarget "StudentsUITests" */;
			buildPhases = (
				CE66C6D625FF904400A2FA72 /* Sources */,
				CE66C6D725FF904400A2FA72 /* Frameworks */,
				CE66C6D825FF904400A2FA72 /* Resources */,
			);
			buildRules = (
			);
			dependencies = (
				CE66C6DC25FF904400A2FA72 /* PBXTargetDependency */,
			);
			name = StudentsUITests;
			productName = StudentsUITests;
			productReference = CE66C6DA25FF904400A2FA72 /* StudentsUITests.xctest */;
			productType = "com.apple.product-type.bundle.ui-testing";
		};
/* End PBXNativeTarget section */

/* Begin PBXProject section */
		CE66C6AE25FF904000A2FA72 /* Project object */ = {
			isa = PBXProject;
			attributes = {
				LastSwiftUpdateCheck = 1240;
				LastUpgradeCheck = 1240;
				TargetAttributes = {
					CE66C6B525FF904000A2FA72 = {
						CreatedOnToolsVersion = 12.4;
					};
					CE66C6CE25FF904400A2FA72 = {
						CreatedOnToolsVersion = 12.4;
						TestTargetID = CE66C6B525FF904000A2FA72;
					};
					CE66C6D925FF904400A2FA72 = {
						CreatedOnToolsVersion = 12.4;
						TestTargetID = CE66C6B525FF904000A2FA72;
					};
				};
			};
			buildConfigurationList = CE66C6B125FF904000A2FA72 /* Build configuration list for PBXProject "Students" */;
			compatibilityVersion = "Xcode 9.3";
			developmentRegion = en;
			hasScannedForEncodings = 0;
			knownRegions = (
				en,
				Base,
			);
			mainGroup = CE66C6AD25FF904000A2FA72;
			productRefGroup = CE66C6B725FF904000A2FA72 /* Products */;
			projectDirPath = "";
			projectRoot = "";
			targets = (
				CE66C6B525FF904000A2FA72 /* Students */,
				CE66C6CE25FF904400A2FA72 /* StudentsTests */,
				CE66C6D925FF904400A2FA72 /* StudentsUITests */,
			);
		};
/* End PBXProject section */

/* Begin PBXResourcesBuildPhase section */
		CE66C6B425FF904000A2FA72 /* Resources */ = {
			isa = PBXResourcesBuildPhase;
			buildActionMask = 2147483647;
			files = (
				CE66C6C925FF904300A2FA72 /* LaunchScreen.storyboard in Resources */,
				CE66C6C625FF904300A2FA72 /* Assets.xcassets in Resources */,
				CE66C6C125FF904000A2FA72 /* Main.storyboard in Resources */,
			);
			runOnlyForDeploymentPostprocessing = 0;
		};
		CE66C6CD25FF904400A2FA72 /* Resources */ = {
			isa = PBXResourcesBuildPhase;
			buildActionMask = 2147483647;
			files = (
			);
			runOnlyForDeploymentPostprocessing = 0;
		};
		CE66C6D825FF904400A2FA72 /* Resources */ = {
			isa = PBXResourcesBuildPhase;
			buildActionMask = 2147483647;
			files = (
			);
			runOnlyForDeploymentPostprocessing = 0;
		};
/* End PBXResourcesBuildPhase section */

/* Begin PBXSourcesBuildPhase section */
		CE66C6B225FF904000A2FA72 /* Sources */ = {
			isa = PBXSourcesBuildPhase;
			buildActionMask = 2147483647;
			files = (
				CE66C6BE25FF904000A2FA72 /* ViewController.swift in Sources */,
				CE66C6BA25FF904000A2FA72 /* AppDelegate.swift in Sources */,
				CE66C6BC25FF904000A2FA72 /* SceneDelegate.swift in Sources */,
				CE66C6C425FF904000A2FA72 /* Students.xcdatamodeld in Sources */,
			);
			runOnlyForDeploymentPostprocessing = 0;
		};
		CE66C6CB25FF904400A2FA72 /* Sources */ = {
			isa = PBXSourcesBuildPhase;
			buildActionMask = 2147483647;
			files = (
				CE66C6D425FF904400A2FA72 /* StudentsTests.swift in Sources */,
			);
			runOnlyForDeploymentPostprocessing = 0;
		};
		CE66C6D625FF904400A2FA72 /* Sources */ = {
			isa = PBXSourcesBuildPhase;
			buildActionMask = 2147483647;
			files = (
				CE66C6DF25FF904400A2FA72 /* StudentsUITests.swift in Sources */,
			);
			runOnlyForDeploymentPostprocessing = 0;
		};
/* End PBXSourcesBuildPhase section */

/* Begin PBXTargetDependency section */
		CE66C6D125FF904400A2FA72 /* PBXTargetDependency */ = {
			isa = PBXTargetDependency;
			target = CE66C6B525FF904000A2FA72 /* Students */;
			targetProxy = CE66C6D025FF904400A2FA72 /* PBXContainerItemProxy */;
		};
		CE66C6DC25FF904400A2FA72 /* PBXTargetDependency */ = {
			isa = PBXTargetDependency;
			target = CE66C6B525FF904000A2FA72 /* Students */;
			targetProxy = CE66C6DB25FF904400A2FA72 /* PBXContainerItemProxy */;
		};
/* End PBXTargetDependency section */

/* Begin PBXVariantGroup section */
		CE66C6BF25FF904000A2FA72 /* Main.storyboard */ = {
			isa = PBXVariantGroup;
			children = (
				CE66C6C025FF904000A2FA72 /* Base */,
			);
			name = Main.storyboard;
			sourceTree = "<group>";
		};
		CE66C6C725FF904300A2FA72 /* LaunchScreen.storyboard */ = {
			isa = PBXVariantGroup;
			children = (
				CE66C6C825FF904300A2FA72 /* Base */,
			);
			name = LaunchScreen.storyboard;
			sourceTree = "<group>";
		};
/* End PBXVariantGroup section */

/* Begin XCBuildConfiguration section */
		CE66C6E125FF904400A2FA72 /* Debug */ = {
			isa = XCBuildConfiguration;
			buildSettings = {
				ALWAYS_SEARCH_USER_PATHS = NO;
				CLANG_ANALYZER_NONNULL = YES;
				CLANG_ANALYZER_NUMBER_OBJECT_CONVERSION = YES_AGGRESSIVE;
				CLANG_CXX_LANGUAGE_STANDARD = "gnu++14";
				CLANG_CXX_LIBRARY = "libc++";
				CLANG_ENABLE_MODULES = YES;
				CLANG_ENABLE_OBJC_ARC = YES;
				CLANG_ENABLE_OBJC_WEAK = YES;
				CLANG_WARN_BLOCK_CAPTURE_AUTORELEASING = YES;
				CLANG_WARN_BOOL_CONVERSION = YES;
				CLANG_WARN_COMMA = YES;
				CLANG_WARN_CONSTANT_CONVERSION = YES;
				CLANG_WARN_DEPRECATED_OBJC_IMPLEMENTATIONS = YES;
				CLANG_WARN_DIRECT_OBJC_ISA_USAGE = YES_ERROR;
				CLANG_WARN_DOCUMENTATION_COMMENTS = YES;
				CLANG_WARN_EMPTY_BODY = YES;
				CLANG_WARN_ENUM_CONVERSION = YES;
				CLANG_WARN_INFINITE_RECURSION = YES;
				CLANG_WARN_INT_CONVERSION = YES;
				CLANG_WARN_NON_LITERAL_NULL_CONVERSION = YES;
				CLANG_WARN_OBJC_IMPLICIT_RETAIN_SELF = YES;
				CLANG_WARN_OBJC_LITERAL_CONVERSION = YES;
				CLANG_WARN_OBJC_ROOT_CLASS = YES_ERROR;
				CLANG_WARN_QUOTED_INCLUDE_IN_FRAMEWORK_HEADER = YES;
				CLANG_WARN_RANGE_LOOP_ANALYSIS = YES;
				CLANG_WARN_STRICT_PROTOTYPES = YES;
				CLANG_WARN_SUSPICIOUS_MOVE = YES;
				CLANG_WARN_UNGUARDED_AVAILABILITY = YES_AGGRESSIVE;
				CLANG_WARN_UNREACHABLE_CODE = YES;
				CLANG_WARN__DUPLICATE_METHOD_MATCH = YES;
				COPY_PHASE_STRIP = NO;
				DEBUG_INFORMATION_FORMAT = dwarf;
				ENABLE_STRICT_OBJC_MSGSEND = YES;
				ENABLE_TESTABILITY = YES;
				GCC_C_LANGUAGE_STANDARD = gnu11;
				GCC_DYNAMIC_NO_PIC = NO;
				GCC_NO_COMMON_BLOCKS = YES;
				GCC_OPTIMIZATION_LEVEL = 0;
				GCC_PREPROCESSOR_DEFINITIONS = (
					"DEBUG=1",
					"$(inherited)",
				);
				GCC_WARN_64_TO_32_BIT_CONVERSION = YES;
				GCC_WARN_ABOUT_RETURN_TYPE = YES_ERROR;
				GCC_WARN_UNDECLARED_SELECTOR = YES;
				GCC_WARN_UNINITIALIZED_AUTOS = YES_AGGRESSIVE;
				GCC_WARN_UNUSED_FUNCTION = YES;
				GCC_WARN_UNUSED_VARIABLE = YES;
				IPHONEOS_DEPLOYMENT_TARGET = 14.4;
				MTL_ENABLE_DEBUG_INFO = INCLUDE_SOURCE;
				MTL_FAST_MATH = YES;
				ONLY_ACTIVE_ARCH = YES;
				SDKROOT = iphoneos;
				SWIFT_ACTIVE_COMPILATION_CONDITIONS = DEBUG;
				SWIFT_OPTIMIZATION_LEVEL = "-Onone";
			};
			name = Debug;
		};
		CE66C6E225FF904400A2FA72 /* Release */ = {
			isa = XCBuildConfiguration;
			buildSettings = {
				ALWAYS_SEARCH_USER_PATHS = NO;
				CLANG_ANALYZER_NONNULL = YES;
				CLANG_ANALYZER_NUMBER_OBJECT_CONVERSION = YES_AGGRESSIVE;
				CLANG_CXX_LANGUAGE_STANDARD = "gnu++14";
				CLANG_CXX_LIBRARY = "libc++";
				CLANG_ENABLE_MODULES = YES;
				CLANG_ENABLE_OBJC_ARC = YES;
				CLANG_ENABLE_OBJC_WEAK = YES;
				CLANG_WARN_BLOCK_CAPTURE_AUTORELEASING = YES;
				CLANG_WARN_BOOL_CONVERSION = YES;
				CLANG_WARN_COMMA = YES;
				CLANG_WARN_CONSTANT_CONVERSION = YES;
				CLANG_WARN_DEPRECATED_OBJC_IMPLEMENTATIONS = YES;
				CLANG_WARN_DIRECT_OBJC_ISA_USAGE = YES_ERROR;
				CLANG_WARN_DOCUMENTATION_COMMENTS = YES;
				CLANG_WARN_EMPTY_BODY = YES;
				CLANG_WARN_ENUM_CONVERSION = YES;
				CLANG_WARN_INFINITE_RECURSION = YES;
				CLANG_WARN_INT_CONVERSION = YES;
				CLANG_WARN_NON_LITERAL_NULL_CONVERSION = YES;
				CLANG_WARN_OBJC_IMPLICIT_RETAIN_SELF = YES;
				CLANG_WARN_OBJC_LITERAL_CONVERSION = YES;
				CLANG_WARN_OBJC_ROOT_CLASS = YES_ERROR;
				CLANG_WARN_QUOTED_INCLUDE_IN_FRAMEWORK_HEADER = YES;
				CLANG_WARN_RANGE_LOOP_ANALYSIS = YES;
				CLANG_WARN_STRICT_PROTOTYPES = YES;
				CLANG_WARN_SUSPICIOUS_MOVE = YES;
				CLANG_WARN_UNGUARDED_AVAILABILITY = YES_AGGRESSIVE;
				CLANG_WARN_UNREACHABLE_CODE = YES;
				CLANG_WARN__DUPLICATE_METHOD_MATCH = YES;
				COPY_PHASE_STRIP = NO;
				DEBUG_INFORMATION_FORMAT = "dwarf-with-dsym";
				ENABLE_NS_ASSERTIONS = NO;
				ENABLE_STRICT_OBJC_MSGSEND = YES;
				GCC_C_LANGUAGE_STANDARD = gnu11;
				GCC_NO_COMMON_BLOCKS = YES;
				GCC_WARN_64_TO_32_BIT_CONVERSION = YES;
				GCC_WARN_ABOUT_RETURN_TYPE = YES_ERROR;
				GCC_WARN_UNDECLARED_SELECTOR = YES;
				GCC_WARN_UNINITIALIZED_AUTOS = YES_AGGRESSIVE;
				GCC_WARN_UNUSED_FUNCTION = YES;
				GCC_WARN_UNUSED_VARIABLE = YES;
				IPHONEOS_DEPLOYMENT_TARGET = 14.4;
				MTL_ENABLE_DEBUG_INFO = NO;
				MTL_FAST_MATH = YES;
				SDKROOT = iphoneos;
				SWIFT_COMPILATION_MODE = wholemodule;
				SWIFT_OPTIMIZATION_LEVEL = "-O";
				VALIDATE_PRODUCT = YES;
			};
			name = Release;
		};
		CE66C6E425FF904400A2FA72 /* Debug */ = {
			isa = XCBuildConfiguration;
			buildSettings = {
				ASSETCATALOG_COMPILER_APPICON_NAME = AppIcon;
				ASSETCATALOG_COMPILER_GLOBAL_ACCENT_COLOR_NAME = AccentColor;
				CODE_SIGN_STYLE = Automatic;
				DEVELOPMENT_TEAM = 6TAFGX4K33;
				INFOPLIST_FILE = Students/Info.plist;
				LD_RUNPATH_SEARCH_PATHS = (
					"$(inherited)",
					"@executable_path/Frameworks",
				);
				PRODUCT_BUNDLE_IDENTIFIER = com.itxal.Students;
				PRODUCT_NAME = "$(TARGET_NAME)";
				SWIFT_VERSION = 5.0;
				TARGETED_DEVICE_FAMILY = "1,2";
			};
			name = Debug;
		};
		CE66C6E525FF904400A2FA72 /* Release */ = {
			isa = XCBuildConfiguration;
			buildSettings = {
				ASSETCATALOG_COMPILER_APPICON_NAME = AppIcon;
				ASSETCATALOG_COMPILER_GLOBAL_ACCENT_COLOR_NAME = AccentColor;
				CODE_SIGN_STYLE = Automatic;
				DEVELOPMENT_TEAM = 6TAFGX4K33;
				INFOPLIST_FILE = Students/Info.plist;
				LD_RUNPATH_SEARCH_PATHS = (
					"$(inherited)",
					"@executable_path/Frameworks",
				);
				PRODUCT_BUNDLE_IDENTIFIER = com.itxal.Students;
				PRODUCT_NAME = "$(TARGET_NAME)";
				SWIFT_VERSION = 5.0;
				TARGETED_DEVICE_FAMILY = "1,2";
			};
			name = Release;
		};
		CE66C6E725FF904400A2FA72 /* Debug */ = {
			isa = XCBuildConfiguration;
			buildSettings = {
				ALWAYS_EMBED_SWIFT_STANDARD_LIBRARIES = YES;
				BUNDLE_LOADER = "$(TEST_HOST)";
				CODE_SIGN_STYLE = Automatic;
				DEVELOPMENT_TEAM = 6TAFGX4K33;
				INFOPLIST_FILE = StudentsTests/Info.plist;
				IPHONEOS_DEPLOYMENT_TARGET = 14.4;
				LD_RUNPATH_SEARCH_PATHS = (
					"$(inherited)",
					"@executable_path/Frameworks",
					"@loader_path/Frameworks",
				);
				PRODUCT_BUNDLE_IDENTIFIER = com.itxal.StudentsTests;
				PRODUCT_NAME = "$(TARGET_NAME)";
				SWIFT_VERSION = 5.0;
				TARGETED_DEVICE_FAMILY = "1,2";
				TEST_HOST = "$(BUILT_PRODUCTS_DIR)/Students.app/Students";
			};
			name = Debug;
		};
		CE66C6E825FF904400A2FA72 /* Release */ = {
			isa = XCBuildConfiguration;
			buildSettings = {
				ALWAYS_EMBED_SWIFT_STANDARD_LIBRARIES = YES;
				BUNDLE_LOADER = "$(TEST_HOST)";
				CODE_SIGN_STYLE = Automatic;
				DEVELOPMENT_TEAM = 6TAFGX4K33;
				INFOPLIST_FILE = StudentsTests/Info.plist;
				IPHONEOS_DEPLOYMENT_TARGET = 14.4;
				LD_RUNPATH_SEARCH_PATHS = (
					"$(inherited)",
					"@executable_path/Frameworks",
					"@loader_path/Frameworks",
				);
				PRODUCT_BUNDLE_IDENTIFIER = com.itxal.StudentsTests;
				PRODUCT_NAME = "$(TARGET_NAME)";
				SWIFT_VERSION = 5.0;
				TARGETED_DEVICE_FAMILY = "1,2";
				TEST_HOST = "$(BUILT_PRODUCTS_DIR)/Students.app/Students";
			};
			name = Release;
		};
		CE66C6EA25FF904400A2FA72 /* Debug */ = {
			isa = XCBuildConfiguration;
			buildSettings = {
				ALWAYS_EMBED_SWIFT_STANDARD_LIBRARIES = YES;
				CODE_SIGN_STYLE = Automatic;
				DEVELOPMENT_TEAM = 6TAFGX4K33;
				INFOPLIST_FILE = StudentsUITests/Info.plist;
				LD_RUNPATH_SEARCH_PATHS = (
					"$(inherited)",
					"@executable_path/Frameworks",
					"@loader_path/Frameworks",
				);
				PRODUCT_BUNDLE_IDENTIFIER = com.itxal.StudentsUITests;
				PRODUCT_NAME = "$(TARGET_NAME)";
				SWIFT_VERSION = 5.0;
				TARGETED_DEVICE_FAMILY = "1,2";
				TEST_TARGET_NAME = Students;
			};
			name = Debug;
		};
		CE66C6EB25FF904400A2FA72 /* Release */ = {
			isa = XCBuildConfiguration;
			buildSettings = {
				ALWAYS_EMBED_SWIFT_STANDARD_LIBRARIES = YES;
				CODE_SIGN_STYLE = Automatic;
				DEVELOPMENT_TEAM = 6TAFGX4K33;
				INFOPLIST_FILE = StudentsUITests/Info.plist;
				LD_RUNPATH_SEARCH_PATHS = (
					"$(inherited)",
					"@executable_path/Frameworks",
					"@loader_path/Frameworks",
				);
				PRODUCT_BUNDLE_IDENTIFIER = com.itxal.StudentsUITests;
				PRODUCT_NAME = "$(TARGET_NAME)";
				SWIFT_VERSION = 5.0;
				TARGETED_DEVICE_FAMILY = "1,2";
				TEST_TARGET_NAME = Students;
			};
			name = Release;
		};
/* End XCBuildConfiguration section */

/* Begin XCConfigurationList section */
		CE66C6B125FF904000A2FA72 /* Build configuration list for PBXProject "Students" */ = {
			isa = XCConfigurationList;
			buildConfigurations = (
				CE66C6E125FF904400A2FA72 /* Debug */,
				CE66C6E225FF904400A2FA72 /* Release */,
			);
			defaultConfigurationIsVisible = 0;
			defaultConfigurationName = Release;
		};
		CE66C6E325FF904400A2FA72 /* Build configuration list for PBXNativeTarget "Students" */ = {
			isa = XCConfigurationList;
			buildConfigurations = (
				CE66C6E425FF904400A2FA72 /* Debug */,
				CE66C6E525FF904400A2FA72 /* Release */,
			);
			defaultConfigurationIsVisible = 0;
			defaultConfigurationName = Release;
		};
		CE66C6E625FF904400A2FA72 /* Build configuration list for PBXNativeTarget "StudentsTests" */ = {
			isa = XCConfigurationList;
			buildConfigurations = (
				CE66C6E725FF904400A2FA72 /* Debug */,
				CE66C6E825FF904400A2FA72 /* Release */,
			);
			defaultConfigurationIsVisible = 0;
			defaultConfigurationName = Release;
		};
		CE66C6E925FF904400A2FA72 /* Build configuration list for PBXNativeTarget "StudentsUITests" */ = {
			isa = XCConfigurationList;
			buildConfigurations = (
				CE66C6EA25FF904400A2FA72 /* Debug */,
				CE66C6EB25FF904400A2FA72 /* Release */,
			);
			defaultConfigurationIsVisible = 0;
			defaultConfigurationName = Release;
		};
/* End XCConfigurationList section */

/* Begin XCVersionGroup section */
		CE66C6C225FF904000A2FA72 /* Students.xcdatamodeld */ = {
			isa = XCVersionGroup;
			children = (
				CE66C6C325FF904000A2FA72 /* Students.xcdatamodel */,
			);
			currentVersion = CE66C6C325FF904000A2FA72 /* Students.xcdatamodel */;
			path = Students.xcdatamodeld;
			sourceTree = "<group>";
			versionGroupType = wrapper.xcdatamodel;
		};
/* End XCVersionGroup section */
	};
	rootObject = CE66C6AE25FF904000A2FA72 /* Project object */;
}
